permission: ''

items:
  cobblestone:
    type: VANILLA
    id: "COBBLESTONE"
    amount: 1
    buy_price: 40
    sell_price: 5

  stone:
    type: VANILLA
    id: "STONE"
    amount: 1
    buy_price: 60
    sell_price: 6

  andesite:
    type: VANILLA
    id: "ANDESITE"
    amount: 1
    buy_price: 65
    sell_price: 6

  diorite:
    type: VANILLA
    id: "DIORITE"
    amount: 1
    buy_price: 65
    sell_price: 6

  granite:
    type: VANILLA
    id: "GRANITE"
    amount: 1
    buy_price: 65
    sell_price: 6

  tuff:
    type: VANILLA
    id: "TUFF"
    amount: 1
    buy_price: 70
    sell_price: 7

  calcite:
    type: VANILLA
    id: "CALCITE"
    amount: 1
    buy_price: 75
    sell_price: 7

  dripstone:
    type: VANILLA
    id: "DRIPSTONE_BLOCK"
    amount: 1
    buy_price: 70
    sell_price: 7

  deepslate:
    type: VANILLA
    id: "COBBLED_DEEPSLATE"
    amount: 1
    buy_price: 70
    sell_price: 7

  blackstone:
    type: VANILLA
    id: "BLACKSTONE"
    amount: 1
    buy_price: 75
    sell_price: 7

  basalt:
    type: VANILLA
    id: "BASALT"
    amount: 1
    buy_price: 80
    sell_price: 8

  smooth_basalt:
    type: VANILLA
    id: "SMOOTH_BASALT"
    amount: 1
    buy_price: 85
    sell_price: 8

  netherrack:
    type: VANILLA
    id: "NETHERRACK"
    amount: 1
    buy_price: 30
    sell_price: 3

  end_stone:
    type: VANILLA
    id: "END_STONE"
    amount: 1
    buy_price: 120
    sell_price: 12

  sand:
    type: VANILLA
    id: "SAND"
    amount: 1
    buy_price: 40
    sell_price: 4

  red_sand:
    type: VANILLA
    id: "RED_SAND"
    amount: 1
    buy_price: 45
    sell_price: 4

  gravel:
    type: VANILLA
    id: "GRAVEL"
    amount: 1
    buy_price: 50
    sell_price: 5

  clay:
    type: VANILLA
    id: "CLAY"
    amount: 1
    buy_price: 80
    sell_price: 8

  terracotta:
    type: VANILLA
    id: "TERRACOTTA"
    amount: 1
    buy_price: 100
    sell_price: 10

  glass:
    type: VANILLA
    id: "GLASS"
    amount: 1
    buy_price: 90
    sell_price: 9

  sandstone:
    type: VANILLA
    id: "SANDSTONE"
    amount: 1
    buy_price: 60
    sell_price: 6

  red_sandstone:
    type: VANILLA
    id: "RED_SANDSTONE"
    amount: 1
    buy_price: 65
    sell_price: 6

  bricks:
    type: VANILLA
    id: "BRICKS"
    amount: 1
    buy_price: 120
    sell_price: 12

  moss_block:
    type: VANILLA
    id: "MOSS_BLOCK"
    amount: 1
    buy_price: 90
    sell_price: 9

  mud:
    type: VANILLA
    id: "MUD"
    amount: 1
    buy_price: 70
    sell_price: 7

  packed_mud:
    type: VANILLA
    id: "PACKED_MUD"
    amount: 1
    buy_price: 90
    sell_price: 9

  obsidian:
    type: VANILLA
    id: "OBSIDIAN"
    amount: 1
    buy_price: 200
    sell_price: 20

  prismarine:
    type: VANILLA
    id: "PRISMARINE"
    amount: 1
    buy_price: 200
    sell_price: 20